
Microsoft Visual Studio Solution File, Format Version 12.00
# Visual Studio Version 17
VisualStudioVersion = 17.4.33122.133
MinimumVisualStudioVersion = 10.0.40219.1
Project("{FAE04EC0-301F-11D3-BF4B-00C04F79EFBC}") = "Exerc_Entity_Scaffold", "Exerc_Entity_Scaffold\Exerc_Entity_Scaffold.csproj", "{AE7D8003-6740-4B30-B7E8-FCBCE7D9DA2B}"
EndProject
Global
	GlobalSection(SolutionConfigurationPlatforms) = preSolution
		Debug|Any CPU = Debug|Any CPU
		Release|Any CPU = Release|Any CPU
	EndGlobalSection
	GlobalSection(ProjectConfigurationPlatforms) = postSolution
		{AE7D8003-6740-4B30-B7E8-FCBCE7D9DA2B}.Debug|Any CPU.ActiveCfg = Debug|Any CPU
		{AE7D8003-6740-4B30-B7E8-FCBCE7D9DA2B}.Debug|Any CPU.Build.0 = Debug|Any CPU
		{AE7D8003-6740-4B30-B7E8-FCBCE7D9DA2B}.Release|Any CPU.ActiveCfg = Release|Any CPU
		{AE7D8003-6740-4B30-B7E8-FCBCE7D9DA2B}.Release|Any CPU.Build.0 = Release|Any CPU
	EndGlobalSection
	GlobalSection(SolutionProperties) = preSolution
		HideSolutionNode = FALSE
	EndGlobalSection
	GlobalSection(ExtensibilityGlobals) = postSolution
		SolutionGuid = {893EACDD-68B4-40D3-A069-151480D4BD27}
	EndGlobalSection
EndGlobal
